
Microsoft Visual Studio Solution File, Format Version 12.00
# Visual Studio Version 16
VisualStudioVersion = 16.0.29519.87
MinimumVisualStudioVersion = 10.0.40219.1
Project("{FAE04EC0-301F-11D3-BF4B-00C04F79EFBC}") = "EXILEDBattleRoyale", "EXILEDBattleRoyale\EXILEDBattleRoyale.csproj", "{F7140BDC-D2B0-4E4F-9A25-14FD554E2FDC}"
EndProject
Global
	GlobalSection(SolutionConfigurationPlatforms) = preSolution
		Debug|Any CPU = Debug|Any CPU
		Release|Any CPU = Release|Any CPU
	EndGlobalSection
	GlobalSection(ProjectConfigurationPlatforms) = postSolution
		{F7140BDC-D2B0-4E4F-9A25-14FD554E2FDC}.Debug|Any CPU.ActiveCfg = Debug|Any CPU
		{F7140BDC-D2B0-4E4F-9A25-14FD554E2FDC}.Debug|Any CPU.Build.0 = Debug|Any CPU
		{F7140BDC-D2B0-4E4F-9A25-14FD554E2FDC}.Release|Any CPU.ActiveCfg = Release|Any CPU
		{F7140BDC-D2B0-4E4F-9A25-14FD554E2FDC}.Release|Any CPU.Build.0 = Release|Any CPU
	EndGlobalSection
	GlobalSection(SolutionProperties) = preSolution
		HideSolutionNode = FALSE
	EndGlobalSection
	GlobalSection(ExtensibilityGlobals) = postSolution
		SolutionGuid = {B772CFD0-4433-4FA4-8CC2-776759358E27}
	EndGlobalSection
EndGlobal
